
Microsoft Visual Studio Solution File, Format Version 12.00
# Visual Studio Version 17
VisualStudioVersion = 17.0.31903.59
MinimumVisualStudioVersion = 10.0.40219.1
Project("{2150E333-8FDC-42A3-9474-1A3956D46DE8}") = "src", "src", "{AF32709D-9775-4EA4-9F75-1C399827A4F1}"
EndProject
Project("{2150E333-8FDC-42A3-9474-1A3956D46DE8}") = "Services", "Services", "{0B010695-A191-4BF5-922D-399631566E7C}"
EndProject
Project("{FAE04EC0-301F-11D3-BF4B-00C04F79EFBC}") = "Catalog.API", "src\Services\Catalog\Catalog.API\Catalog.API.csproj", "{E6FFFBEA-198C-47AF-AA95-0E3CC3738E6A}"
EndProject
Project("{2150E333-8FDC-42A3-9474-1A3956D46DE8}") = "Basket", "Basket", "{6172C56F-D95D-4C21-A246-E7CE89772A7D}"
EndProject
Project("{FAE04EC0-301F-11D3-BF4B-00C04F79EFBC}") = "Basket.API", "src\Services\Basket\Basket.API\Basket.API.csproj", "{55951F87-06E2-42D5-A30F-28F077BD2F19}"
EndProject
Project("{2150E333-8FDC-42A3-9474-1A3956D46DE8}") = "Discount", "Discount", "{F9357B70-4285-413C-87E6-3E8307471297}"
EndProject
Project("{FAE04EC0-301F-11D3-BF4B-00C04F79EFBC}") = "Discount.API", "src\Services\Discount\Discount.API\Discount.API.csproj", "{872F7D37-821F-4F16-A6B4-DEBC12528D1F}"
EndProject
Project("{FAE04EC0-301F-11D3-BF4B-00C04F79EFBC}") = "Discount.Grpc", "src\Services\Discount\Discount.Grpc\Discount.Grpc.csproj", "{BBD8BE75-8A74-4950-AAAD-3E110BED2906}"
EndProject
Global
	GlobalSection(SolutionConfigurationPlatforms) = preSolution
		Debug|Any CPU = Debug|Any CPU
		Release|Any CPU = Release|Any CPU
	EndGlobalSection
	GlobalSection(SolutionProperties) = preSolution
		HideSolutionNode = FALSE
	EndGlobalSection
	GlobalSection(ProjectConfigurationPlatforms) = postSolution
		{E6FFFBEA-198C-47AF-AA95-0E3CC3738E6A}.Debug|Any CPU.ActiveCfg = Debug|Any CPU
		{E6FFFBEA-198C-47AF-AA95-0E3CC3738E6A}.Debug|Any CPU.Build.0 = Debug|Any CPU
		{E6FFFBEA-198C-47AF-AA95-0E3CC3738E6A}.Release|Any CPU.ActiveCfg = Release|Any CPU
		{E6FFFBEA-198C-47AF-AA95-0E3CC3738E6A}.Release|Any CPU.Build.0 = Release|Any CPU
		{55951F87-06E2-42D5-A30F-28F077BD2F19}.Debug|Any CPU.ActiveCfg = Debug|Any CPU
		{55951F87-06E2-42D5-A30F-28F077BD2F19}.Debug|Any CPU.Build.0 = Debug|Any CPU
		{55951F87-06E2-42D5-A30F-28F077BD2F19}.Release|Any CPU.ActiveCfg = Release|Any CPU
		{55951F87-06E2-42D5-A30F-28F077BD2F19}.Release|Any CPU.Build.0 = Release|Any CPU
		{872F7D37-821F-4F16-A6B4-DEBC12528D1F}.Debug|Any CPU.ActiveCfg = Debug|Any CPU
		{872F7D37-821F-4F16-A6B4-DEBC12528D1F}.Debug|Any CPU.Build.0 = Debug|Any CPU
		{872F7D37-821F-4F16-A6B4-DEBC12528D1F}.Release|Any CPU.ActiveCfg = Release|Any CPU
		{872F7D37-821F-4F16-A6B4-DEBC12528D1F}.Release|Any CPU.Build.0 = Release|Any CPU
		{BBD8BE75-8A74-4950-AAAD-3E110BED2906}.Debug|Any CPU.ActiveCfg = Debug|Any CPU
		{BBD8BE75-8A74-4950-AAAD-3E110BED2906}.Debug|Any CPU.Build.0 = Debug|Any CPU
		{BBD8BE75-8A74-4950-AAAD-3E110BED2906}.Release|Any CPU.ActiveCfg = Release|Any CPU
		{BBD8BE75-8A74-4950-AAAD-3E110BED2906}.Release|Any CPU.Build.0 = Release|Any CPU
	EndGlobalSection
	GlobalSection(NestedProjects) = preSolution
		{0B010695-A191-4BF5-922D-399631566E7C} = {AF32709D-9775-4EA4-9F75-1C399827A4F1}
		{E6FFFBEA-198C-47AF-AA95-0E3CC3738E6A} = {0B010695-A191-4BF5-922D-399631566E7C}
		{6172C56F-D95D-4C21-A246-E7CE89772A7D} = {0B010695-A191-4BF5-922D-399631566E7C}
		{55951F87-06E2-42D5-A30F-28F077BD2F19} = {6172C56F-D95D-4C21-A246-E7CE89772A7D}
		{F9357B70-4285-413C-87E6-3E8307471297} = {0B010695-A191-4BF5-922D-399631566E7C}
		{872F7D37-821F-4F16-A6B4-DEBC12528D1F} = {F9357B70-4285-413C-87E6-3E8307471297}
		{BBD8BE75-8A74-4950-AAAD-3E110BED2906} = {F9357B70-4285-413C-87E6-3E8307471297}
	EndGlobalSection
EndGlobal
